
Microsoft Visual Studio Solution File, Format Version 12.00
# Visual Studio 2013
VisualStudioVersion = 12.0.31101.0
MinimumVisualStudioVersion = 10.0.40219.1
Project("{FAE04EC0-301F-11D3-BF4B-00C04F79EFBC}") = "Ebuy", "Ebuy\Ebuy.csproj", "{08345DB6-5380-4059-B329-4F92B729B318}"
EndProject
Project("{FAE04EC0-301F-11D3-BF4B-00C04F79EFBC}") = "Ebuy.Tests", "Ebuy.Tests\Ebuy.Tests.csproj", "{5F5134F6-86DF-4FD9-ADC4-4B1CCC9A071A}"
EndProject
Global
	GlobalSection(SolutionConfigurationPlatforms) = preSolution
		Debug|Any CPU = Debug|Any CPU
		Release|Any CPU = Release|Any CPU
	EndGlobalSection
	GlobalSection(ProjectConfigurationPlatforms) = postSolution
		{08345DB6-5380-4059-B329-4F92B729B318}.Debug|Any CPU.ActiveCfg = Debug|Any CPU
		{08345DB6-5380-4059-B329-4F92B729B318}.Debug|Any CPU.Build.0 = Debug|Any CPU
		{08345DB6-5380-4059-B329-4F92B729B318}.Release|Any CPU.ActiveCfg = Release|Any CPU
		{08345DB6-5380-4059-B329-4F92B729B318}.Release|Any CPU.Build.0 = Release|Any CPU
		{5F5134F6-86DF-4FD9-ADC4-4B1CCC9A071A}.Debug|Any CPU.ActiveCfg = Debug|Any CPU
		{5F5134F6-86DF-4FD9-ADC4-4B1CCC9A071A}.Debug|Any CPU.Build.0 = Debug|Any CPU
		{5F5134F6-86DF-4FD9-ADC4-4B1CCC9A071A}.Release|Any CPU.ActiveCfg = Release|Any CPU
		{5F5134F6-86DF-4FD9-ADC4-4B1CCC9A071A}.Release|Any CPU.Build.0 = Release|Any CPU
	EndGlobalSection
	GlobalSection(SolutionProperties) = preSolution
		HideSolutionNode = FALSE
	EndGlobalSection
EndGlobal
